
Microsoft Visual Studio Solution File, Format Version 12.00
# Visual Studio 15
VisualStudioVersion = 15.0.26206.0
MinimumVisualStudioVersion = 10.0.40219.1
Project("{FAE04EC0-301F-11D3-BF4B-00C04F79EFBC}") = "ATZ.CecilExtensions", "ATZ.CecilExtensions\ATZ.CecilExtensions.csproj", "{B4CA3D6A-B905-4753-8914-C56CA4FDF230}"
EndProject
Project("{FAE04EC0-301F-11D3-BF4B-00C04F79EFBC}") = "ATZ.CecilExtensions.Tests", "ATZ.CecilExtensions.Tests\ATZ.CecilExtensions.Tests.csproj", "{587FFC6A-C4AA-4049-B2D7-2F51745BF43D}"
EndProject
Global
	GlobalSection(SolutionConfigurationPlatforms) = preSolution
		Debug|Any CPU = Debug|Any CPU
		Release|Any CPU = Release|Any CPU
	EndGlobalSection
	GlobalSection(ProjectConfigurationPlatforms) = postSolution
		{B4CA3D6A-B905-4753-8914-C56CA4FDF230}.Debug|Any CPU.ActiveCfg = Debug|Any CPU
		{B4CA3D6A-B905-4753-8914-C56CA4FDF230}.Debug|Any CPU.Build.0 = Debug|Any CPU
		{B4CA3D6A-B905-4753-8914-C56CA4FDF230}.Release|Any CPU.ActiveCfg = Release|Any CPU
		{B4CA3D6A-B905-4753-8914-C56CA4FDF230}.Release|Any CPU.Build.0 = Release|Any CPU
		{587FFC6A-C4AA-4049-B2D7-2F51745BF43D}.Debug|Any CPU.ActiveCfg = Debug|Any CPU
		{587FFC6A-C4AA-4049-B2D7-2F51745BF43D}.Debug|Any CPU.Build.0 = Debug|Any CPU
		{587FFC6A-C4AA-4049-B2D7-2F51745BF43D}.Release|Any CPU.ActiveCfg = Release|Any CPU
		{587FFC6A-C4AA-4049-B2D7-2F51745BF43D}.Release|Any CPU.Build.0 = Release|Any CPU
	EndGlobalSection
	GlobalSection(SolutionProperties) = preSolution
		HideSolutionNode = FALSE
	EndGlobalSection
EndGlobal
